
Microsoft Visual Studio Solution File, Format Version 12.00
# Visual Studio Version 17
VisualStudioVersion = 17.7.34031.279
MinimumVisualStudioVersion = 10.0.40219.1
Project("{FAE04EC0-301F-11D3-BF4B-00C04F79EFBC}") = "frmTatooBooking", "frmTatooBooking\frmTatooBooking.csproj", "{4FBF4AF1-2099-47B3-9DFE-D27178B38684}"
EndProject
Project("{FAE04EC0-301F-11D3-BF4B-00C04F79EFBC}") = "TatooBookingLibrary", "TatooBookingLibrary\TatooBookingLibrary.csproj", "{8F2DAAB9-AEBC-41ED-BB9B-1A1869AB14C0}"
EndProject
Global
	GlobalSection(SolutionConfigurationPlatforms) = preSolution
		Debug|Any CPU = Debug|Any CPU
		Release|Any CPU = Release|Any CPU
	EndGlobalSection
	GlobalSection(ProjectConfigurationPlatforms) = postSolution
		{4FBF4AF1-2099-47B3-9DFE-D27178B38684}.Debug|Any CPU.ActiveCfg = Debug|Any CPU
		{4FBF4AF1-2099-47B3-9DFE-D27178B38684}.Debug|Any CPU.Build.0 = Debug|Any CPU
		{4FBF4AF1-2099-47B3-9DFE-D27178B38684}.Release|Any CPU.ActiveCfg = Release|Any CPU
		{4FBF4AF1-2099-47B3-9DFE-D27178B38684}.Release|Any CPU.Build.0 = Release|Any CPU
		{8F2DAAB9-AEBC-41ED-BB9B-1A1869AB14C0}.Debug|Any CPU.ActiveCfg = Debug|Any CPU
		{8F2DAAB9-AEBC-41ED-BB9B-1A1869AB14C0}.Debug|Any CPU.Build.0 = Debug|Any CPU
		{8F2DAAB9-AEBC-41ED-BB9B-1A1869AB14C0}.Release|Any CPU.ActiveCfg = Release|Any CPU
		{8F2DAAB9-AEBC-41ED-BB9B-1A1869AB14C0}.Release|Any CPU.Build.0 = Release|Any CPU
	EndGlobalSection
	GlobalSection(SolutionProperties) = preSolution
		HideSolutionNode = FALSE
	EndGlobalSection
	GlobalSection(ExtensibilityGlobals) = postSolution
		SolutionGuid = {A3DE980D-A134-41CF-8B15-988D974C8D1C}
	EndGlobalSection
EndGlobal
